
Microsoft Visual Studio Solution File, Format Version 12.00
# Visual Studio Version 17
VisualStudioVersion = 17.7.34202.233
MinimumVisualStudioVersion = 10.0.40219.1
Project("{FAE04EC0-301F-11D3-BF4B-00C04F79EFBC}") = "proje otopark", "proje otopark\proje otopark.csproj", "{195C2668-8D19-458C-9E49-4AE02DC05045}"
EndProject
Global
	GlobalSection(SolutionConfigurationPlatforms) = preSolution
		Debug|Any CPU = Debug|Any CPU
		Release|Any CPU = Release|Any CPU
	EndGlobalSection
	GlobalSection(ProjectConfigurationPlatforms) = postSolution
		{195C2668-8D19-458C-9E49-4AE02DC05045}.Debug|Any CPU.ActiveCfg = Debug|Any CPU
		{195C2668-8D19-458C-9E49-4AE02DC05045}.Debug|Any CPU.Build.0 = Debug|Any CPU
		{195C2668-8D19-458C-9E49-4AE02DC05045}.Release|Any CPU.ActiveCfg = Release|Any CPU
		{195C2668-8D19-458C-9E49-4AE02DC05045}.Release|Any CPU.Build.0 = Release|Any CPU
	EndGlobalSection
	GlobalSection(SolutionProperties) = preSolution
		HideSolutionNode = FALSE
	EndGlobalSection
	GlobalSection(ExtensibilityGlobals) = postSolution
		SolutionGuid = {C1A27C62-4C7A-4837-A168-4587E3AD892D}
	EndGlobalSection
EndGlobal
